
Microsoft Visual Studio Solution File, Format Version 12.00
# Visual Studio Version 16
VisualStudioVersion = 16.0.31613.86
MinimumVisualStudioVersion = 10.0.40219.1
Project("{FAE04EC0-301F-11D3-BF4B-00C04F79EFBC}") = "AjaxForPartialUpdate", "AjaxForPartialUpdate\AjaxForPartialUpdate.csproj", "{79DE2774-CB85-48D2-B954-0BD8D47C0548}"
EndProject
Global
	GlobalSection(SolutionConfigurationPlatforms) = preSolution
		Debug|Any CPU = Debug|Any CPU
		Release|Any CPU = Release|Any CPU
	EndGlobalSection
	GlobalSection(ProjectConfigurationPlatforms) = postSolution
		{79DE2774-CB85-48D2-B954-0BD8D47C0548}.Debug|Any CPU.ActiveCfg = Debug|Any CPU
		{79DE2774-CB85-48D2-B954-0BD8D47C0548}.Debug|Any CPU.Build.0 = Debug|Any CPU
		{79DE2774-CB85-48D2-B954-0BD8D47C0548}.Release|Any CPU.ActiveCfg = Release|Any CPU
		{79DE2774-CB85-48D2-B954-0BD8D47C0548}.Release|Any CPU.Build.0 = Release|Any CPU
	EndGlobalSection
	GlobalSection(SolutionProperties) = preSolution
		HideSolutionNode = FALSE
	EndGlobalSection
	GlobalSection(ExtensibilityGlobals) = postSolution
		SolutionGuid = {47EB63D4-E547-4A58-9A48-3950C0E4466D}
	EndGlobalSection
EndGlobal
